// !$*UTF8*$!
{
	archiveVersion = 1;
	classes = {
	};
	objectVersion = 56;
	objects = {

/* Begin PBXBuildFile section */
		631C8C79295C8848005AEED0 /* Review.swift in Sources */ = {isa = PBXBuildFile; fileRef = 631C8C78295C8848005AEED0 /* Review.swift */; };
		6379786E295DE44F0026E240 /* LaunchScreen.storyboard in Resources */ = {isa = PBXBuildFile; fileRef = 6379786D295DE44F0026E240 /* LaunchScreen.storyboard */; };
		6379788A295FC8580026E240 /* CardQuakeList.swift in Sources */ = {isa = PBXBuildFile; fileRef = 63797889295FC8580026E240 /* CardQuakeList.swift */; };
		6379788C295FC8C70026E240 /* CardQuakeListViewModel.swift in Sources */ = {isa = PBXBuildFile; fileRef = 6379788B295FC8C70026E240 /* CardQuakeListViewModel.swift */; };
		6379788E295FCCB40026E240 /* QuakeListRow.swift in Sources */ = {isa = PBXBuildFile; fileRef = 6379788D295FCCB40026E240 /* QuakeListRow.swift */; };
		63DF40BA294C09BF00DC037E /* everyearthquakeApp.swift in Sources */ = {isa = PBXBuildFile; fileRef = 63DF40B9294C09BF00DC037E /* everyearthquakeApp.swift */; };
		63DF40BC294C09BF00DC037E /* QuakeList.swift in Sources */ = {isa = PBXBuildFile; fileRef = 63DF40BB294C09BF00DC037E /* QuakeList.swift */; };
		63DF40BE294C09C000DC037E /* Assets.xcassets in Resources */ = {isa = PBXBuildFile; fileRef = 63DF40BD294C09C000DC037E /* Assets.xcassets */; };
		63DF40C1294C09C000DC037E /* Preview Assets.xcassets in Resources */ = {isa = PBXBuildFile; fileRef = 63DF40C0294C09C000DC037E /* Preview Assets.xcassets */; };
		63DF40C8294C24C100DC037E /* QuakeListViewModel.swift in Sources */ = {isa = PBXBuildFile; fileRef = 63DF40C7294C24C100DC037E /* QuakeListViewModel.swift */; };
		63DF40CA294C279700DC037E /* Quake.swift in Sources */ = {isa = PBXBuildFile; fileRef = 63DF40C9294C279700DC037E /* Quake.swift */; };
		63DF40CC294C2DD100DC037E /* AsyncAPI.swift in Sources */ = {isa = PBXBuildFile; fileRef = 63DF40CB294C2DD100DC037E /* AsyncAPI.swift */; };
		63DF40CF294C2ED500DC037E /* apiInfo.plist in Resources */ = {isa = PBXBuildFile; fileRef = 63DF40CE294C2ED500DC037E /* apiInfo.plist */; };
		63DF40D1294C2FE500DC037E /* APIInfo.swift in Sources */ = {isa = PBXBuildFile; fileRef = 63DF40D0294C2FE500DC037E /* APIInfo.swift */; };
		63DF40D3294C318A00DC037E /* APISettings.swift in Sources */ = {isa = PBXBuildFile; fileRef = 63DF40D2294C318A00DC037E /* APISettings.swift */; };
		63DF40D5294C33F600DC037E /* Errors.swift in Sources */ = {isa = PBXBuildFile; fileRef = 63DF40D4294C33F600DC037E /* Errors.swift */; };
		63DF40D7294C371400DC037E /* EarthquakesResponse.swift in Sources */ = {isa = PBXBuildFile; fileRef = 63DF40D6294C371400DC037E /* EarthquakesResponse.swift */; };
		63DF40DC294D810A00DC037E /* DateTime.swift in Sources */ = {isa = PBXBuildFile; fileRef = 63DF40DB294D810A00DC037E /* DateTime.swift */; };
		63DF40DE294D8E7D00DC037E /* Day.swift in Sources */ = {isa = PBXBuildFile; fileRef = 63DF40DD294D8E7D00DC037E /* Day.swift */; };
		63DF40E0294E1B0400DC037E /* QuakeDetail.swift in Sources */ = {isa = PBXBuildFile; fileRef = 63DF40DF294E1B0400DC037E /* QuakeDetail.swift */; };
		63DF40E2294E2A7D00DC037E /* MapView.swift in Sources */ = {isa = PBXBuildFile; fileRef = 63DF40E1294E2A7D00DC037E /* MapView.swift */; };
		63DF40E4294E342E00DC037E /* PointOfInterest.swift in Sources */ = {isa = PBXBuildFile; fileRef = 63DF40E3294E342E00DC037E /* PointOfInterest.swift */; };
		63DF40E8294F644F00DC037E /* Formatters.swift in Sources */ = {isa = PBXBuildFile; fileRef = 63DF40E7294F644F00DC037E /* Formatters.swift */; };
		63DF40EB294F758E00DC037E /* Mixpanel in Frameworks */ = {isa = PBXBuildFile; productRef = 63DF40EA294F758E00DC037E /* Mixpanel */; };
		63DF40ED294F75AC00DC037E /* FeedbackModal.swift in Sources */ = {isa = PBXBuildFile; fileRef = 63DF40EC294F75AC00DC037E /* FeedbackModal.swift */; };
		63DF40EF294F760A00DC037E /* GlobalViewModel.swift in Sources */ = {isa = PBXBuildFile; fileRef = 63DF40EE294F760A00DC037E /* GlobalViewModel.swift */; };
		63DF40F5294FBF4100DC037E /* QuakeListFiltersModal.swift in Sources */ = {isa = PBXBuildFile; fileRef = 63DF40F4294FBF4100DC037E /* QuakeListFiltersModal.swift */; };
		63DF40F7295021D900DC037E /* LocationViewModel.swift in Sources */ = {isa = PBXBuildFile; fileRef = 63DF40F6295021D900DC037E /* LocationViewModel.swift */; };
		63DF40F92950221300DC037E /* Messaging.swift in Sources */ = {isa = PBXBuildFile; fileRef = 63DF40F82950221300DC037E /* Messaging.swift */; };
		63DF40FD29502EEC00DC037E /* Location.swift in Sources */ = {isa = PBXBuildFile; fileRef = 63DF40FC29502EEC00DC037E /* Location.swift */; };
		63DF414B295261FC00DC037E /* NotificationSettingsModal.swift in Sources */ = {isa = PBXBuildFile; fileRef = 63DF414A295261FC00DC037E /* NotificationSettingsModal.swift */; };
		63DF414E2952708D00DC037E /* AppDelegate.swift in Sources */ = {isa = PBXBuildFile; fileRef = 63DF414D2952708D00DC037E /* AppDelegate.swift */; };
/* End PBXBuildFile section */

/* Begin PBXFileReference section */
		631C8C78295C8848005AEED0 /* Review.swift */ = {isa = PBXFileReference; lastKnownFileType = sourcecode.swift; path = Review.swift; sourceTree = "<group>"; };
		631C8C7A295D0E72005AEED0 /* Info.plist */ = {isa = PBXFileReference; lastKnownFileType = text.plist; path = Info.plist; sourceTree = "<group>"; };
		6379786D295DE44F0026E240 /* LaunchScreen.storyboard */ = {isa = PBXFileReference; lastKnownFileType = file.storyboard; path = LaunchScreen.storyboard; sourceTree = "<group>"; };
		63797889295FC8580026E240 /* CardQuakeList.swift */ = {isa = PBXFileReference; lastKnownFileType = sourcecode.swift; path = CardQuakeList.swift; sourceTree = "<group>"; };
		6379788B295FC8C70026E240 /* CardQuakeListViewModel.swift */ = {isa = PBXFileReference; lastKnownFileType = sourcecode.swift; path = CardQuakeListViewModel.swift; sourceTree = "<group>"; };
		6379788D295FCCB40026E240 /* QuakeListRow.swift */ = {isa = PBXFileReference; lastKnownFileType = sourcecode.swift; path = QuakeListRow.swift; sourceTree = "<group>"; };
		63DF40B6294C09BF00DC037E /* everyearthquake.app */ = {isa = PBXFileReference; explicitFileType = wrapper.application; includeInIndex = 0; path = everyearthquake.app; sourceTree = BUILT_PRODUCTS_DIR; };
		63DF40B9294C09BF00DC037E /* everyearthquakeApp.swift */ = {isa = PBXFileReference; lastKnownFileType = sourcecode.swift; path = everyearthquakeApp.swift; sourceTree = "<group>"; };
		63DF40BB294C09BF00DC037E /* QuakeList.swift */ = {isa = PBXFileReference; lastKnownFileType = sourcecode.swift; path = QuakeList.swift; sourceTree = "<group>"; };
		63DF40BD294C09C000DC037E /* Assets.xcassets */ = {isa = PBXFileReference; lastKnownFileType = folder.assetcatalog; path = Assets.xcassets; sourceTree = "<group>"; };
		63DF40C0294C09C000DC037E /* Preview Assets.xcassets */ = {isa = PBXFileReference; lastKnownFileType = folder.assetcatalog; path = "Preview Assets.xcassets"; sourceTree = "<group>"; };
		63DF40C7294C24C100DC037E /* QuakeListViewModel.swift */ = {isa = PBXFileReference; lastKnownFileType = sourcecode.swift; path = QuakeListViewModel.swift; sourceTree = "<group>"; };
		63DF40C9294C279700DC037E /* Quake.swift */ = {isa = PBXFileReference; lastKnownFileType = sourcecode.swift; path = Quake.swift; sourceTree = "<group>"; };
		63DF40CB294C2DD100DC037E /* AsyncAPI.swift */ = {isa = PBXFileReference; lastKnownFileType = sourcecode.swift; path = AsyncAPI.swift; sourceTree = "<group>"; };
		63DF40CE294C2ED500DC037E /* apiInfo.plist */ = {isa = PBXFileReference; lastKnownFileType = text.plist.xml; path = apiInfo.plist; sourceTree = "<group>"; };
		63DF40D0294C2FE500DC037E /* APIInfo.swift */ = {isa = PBXFileReference; lastKnownFileType = sourcecode.swift; path = APIInfo.swift; sourceTree = "<group>"; };
		63DF40D2294C318A00DC037E /* APISettings.swift */ = {isa = PBXFileReference; lastKnownFileType = sourcecode.swift; path = APISettings.swift; sourceTree = "<group>"; };
		63DF40D4294C33F600DC037E /* Errors.swift */ = {isa = PBXFileReference; lastKnownFileType = sourcecode.swift; path = Errors.swift; sourceTree = "<group>"; };
		63DF40D6294C371400DC037E /* EarthquakesResponse.swift */ = {isa = PBXFileReference; lastKnownFileType = sourcecode.swift; path = EarthquakesResponse.swift; sourceTree = "<group>"; };
		63DF40DB294D810A00DC037E /* DateTime.swift */ = {isa = PBXFileReference; lastKnownFileType = sourcecode.swift; path = DateTime.swift; sourceTree = "<group>"; };
		63DF40DD294D8E7D00DC037E /* Day.swift */ = {isa = PBXFileReference; lastKnownFileType = sourcecode.swift; path = Day.swift; sourceTree = "<group>"; };
		63DF40DF294E1B0400DC037E /* QuakeDetail.swift */ = {isa = PBXFileReference; lastKnownFileType = sourcecode.swift; path = QuakeDetail.swift; sourceTree = "<group>"; };
		63DF40E1294E2A7D00DC037E /* MapView.swift */ = {isa = PBXFileReference; lastKnownFileType = sourcecode.swift; path = MapView.swift; sourceTree = "<group>"; };
		63DF40E3294E342E00DC037E /* PointOfInterest.swift */ = {isa = PBXFileReference; lastKnownFileType = sourcecode.swift; path = PointOfInterest.swift; sourceTree = "<group>"; };
		63DF40E7294F644F00DC037E /* Formatters.swift */ = {isa = PBXFileReference; lastKnownFileType = sourcecode.swift; path = Formatters.swift; sourceTree = "<group>"; };
		63DF40EC294F75AC00DC037E /* FeedbackModal.swift */ = {isa = PBXFileReference; lastKnownFileType = sourcecode.swift; path = FeedbackModal.swift; sourceTree = "<group>"; };
		63DF40EE294F760A00DC037E /* GlobalViewModel.swift */ = {isa = PBXFileReference; lastKnownFileType = sourcecode.swift; path = GlobalViewModel.swift; sourceTree = "<group>"; };
		63DF40F4294FBF4100DC037E /* QuakeListFiltersModal.swift */ = {isa = PBXFileReference; lastKnownFileType = sourcecode.swift; path = QuakeListFiltersModal.swift; sourceTree = "<group>"; };
		63DF40F6295021D900DC037E /* LocationViewModel.swift */ = {isa = PBXFileReference; lastKnownFileType = sourcecode.swift; path = LocationViewModel.swift; sourceTree = "<group>"; };
		63DF40F82950221300DC037E /* Messaging.swift */ = {isa = PBXFileReference; lastKnownFileType = sourcecode.swift; path = Messaging.swift; sourceTree = "<group>"; };
		63DF40FC29502EEC00DC037E /* Location.swift */ = {isa = PBXFileReference; lastKnownFileType = sourcecode.swift; path = Location.swift; sourceTree = "<group>"; };
		63DF414A295261FC00DC037E /* NotificationSettingsModal.swift */ = {isa = PBXFileReference; lastKnownFileType = sourcecode.swift; path = NotificationSettingsModal.swift; sourceTree = "<group>"; };
		63DF414C29526F4E00DC037E /* everyearthquake.entitlements */ = {isa = PBXFileReference; lastKnownFileType = text.plist.entitlements; path = everyearthquake.entitlements; sourceTree = "<group>"; };
		63DF414D2952708D00DC037E /* AppDelegate.swift */ = {isa = PBXFileReference; lastKnownFileType = sourcecode.swift; path = AppDelegate.swift; sourceTree = "<group>"; };
/* End PBXFileReference section */

/* Begin PBXFrameworksBuildPhase section */
		63DF40B3294C09BF00DC037E /* Frameworks */ = {
			isa = PBXFrameworksBuildPhase;
			buildActionMask = 2147483647;
			files = (
				63DF40EB294F758E00DC037E /* Mixpanel in Frameworks */,
			);
			runOnlyForDeploymentPostprocessing = 0;
		};
/* End PBXFrameworksBuildPhase section */

/* Begin PBXGroup section */
		63DF40AD294C09BF00DC037E = {
			isa = PBXGroup;
			children = (
				63DF40B8294C09BF00DC037E /* everyearthquake */,
				63DF40B7294C09BF00DC037E /* Products */,
			);
			sourceTree = "<group>";
		};
		63DF40B7294C09BF00DC037E /* Products */ = {
			isa = PBXGroup;
			children = (
				63DF40B6294C09BF00DC037E /* everyearthquake.app */,
			);
			name = Products;
			sourceTree = "<group>";
		};
		63DF40B8294C09BF00DC037E /* everyearthquake */ = {
			isa = PBXGroup;
			children = (
				631C8C7A295D0E72005AEED0 /* Info.plist */,
				63DF414C29526F4E00DC037E /* everyearthquake.entitlements */,
				63DF40B9294C09BF00DC037E /* everyearthquakeApp.swift */,
				63DF414D2952708D00DC037E /* AppDelegate.swift */,
				63DF40F3294FBE8300DC037E /* Views */,
				63DF40F2294FBE6600DC037E /* ViewModels */,
				63DF40F1294FBE5800DC037E /* Models */,
				63DF40F0294FBE4F00DC037E /* Services */,
				63DF40CD294C2E8C00DC037E /* APIInfo */,
				63DF40BD294C09C000DC037E /* Assets.xcassets */,
				63DF40BF294C09C000DC037E /* Preview Content */,
				6379786D295DE44F0026E240 /* LaunchScreen.storyboard */,
			);
			path = everyearthquake;
			sourceTree = "<group>";
		};
		63DF40BF294C09C000DC037E /* Preview Content */ = {
			isa = PBXGroup;
			children = (
				63DF40C0294C09C000DC037E /* Preview Assets.xcassets */,
			);
			path = "Preview Content";
			sourceTree = "<group>";
		};
		63DF40CD294C2E8C00DC037E /* APIInfo */ = {
			isa = PBXGroup;
			children = (
				63DF40CE294C2ED500DC037E /* apiInfo.plist */,
				63DF40D0294C2FE500DC037E /* APIInfo.swift */,
			);
			path = APIInfo;
			sourceTree = "<group>";
		};
		63DF40F0294FBE4F00DC037E /* Services */ = {
			isa = PBXGroup;
			children = (
				63DF40D2294C318A00DC037E /* APISettings.swift */,
				631C8C78295C8848005AEED0 /* Review.swift */,
				63DF40CB294C2DD100DC037E /* AsyncAPI.swift */,
				63DF40DB294D810A00DC037E /* DateTime.swift */,
				63DF40D4294C33F600DC037E /* Errors.swift */,
				63DF40E7294F644F00DC037E /* Formatters.swift */,
				63DF40FC29502EEC00DC037E /* Location.swift */,
				63DF40F82950221300DC037E /* Messaging.swift */,
			);
			path = Services;
			sourceTree = "<group>";
		};
		63DF40F1294FBE5800DC037E /* Models */ = {
			isa = PBXGroup;
			children = (
				63DF40DD294D8E7D00DC037E /* Day.swift */,
				63DF40D6294C371400DC037E /* EarthquakesResponse.swift */,
				63DF40E3294E342E00DC037E /* PointOfInterest.swift */,
				63DF40C9294C279700DC037E /* Quake.swift */,
			);
			path = Models;
			sourceTree = "<group>";
		};
		63DF40F2294FBE6600DC037E /* ViewModels */ = {
			isa = PBXGroup;
			children = (
				63DF40EE294F760A00DC037E /* GlobalViewModel.swift */,
				63DF40F6295021D900DC037E /* LocationViewModel.swift */,
				63DF40C7294C24C100DC037E /* QuakeListViewModel.swift */,
				6379788B295FC8C70026E240 /* CardQuakeListViewModel.swift */,
			);
			path = ViewModels;
			sourceTree = "<group>";
		};
		63DF40F3294FBE8300DC037E /* Views */ = {
			isa = PBXGroup;
			children = (
				63797889295FC8580026E240 /* CardQuakeList.swift */,
				63DF40EC294F75AC00DC037E /* FeedbackModal.swift */,
				63DF40E1294E2A7D00DC037E /* MapView.swift */,
				63DF414A295261FC00DC037E /* NotificationSettingsModal.swift */,
				63DF40DF294E1B0400DC037E /* QuakeDetail.swift */,
				63DF40BB294C09BF00DC037E /* QuakeList.swift */,
				63DF40F4294FBF4100DC037E /* QuakeListFiltersModal.swift */,
				6379788D295FCCB40026E240 /* QuakeListRow.swift */,
			);
			path = Views;
			sourceTree = "<group>";
		};
/* End PBXGroup section */

/* Begin PBXNativeTarget section */
		63DF40B5294C09BF00DC037E /* everyearthquake */ = {
			isa = PBXNativeTarget;
			buildConfigurationList = 63DF40C4294C09C000DC037E /* Build configuration list for PBXNativeTarget "everyearthquake" */;
			buildPhases = (
				63DF40B2294C09BF00DC037E /* Sources */,
				63DF40B3294C09BF00DC037E /* Frameworks */,
				63DF40B4294C09BF00DC037E /* Resources */,
			);
			buildRules = (
			);
			dependencies = (
			);
			name = everyearthquake;
			packageProductDependencies = (
				63DF40EA294F758E00DC037E /* Mixpanel */,
			);
			productName = everyearthquake;
			productReference = 63DF40B6294C09BF00DC037E /* everyearthquake.app */;
			productType = "com.apple.product-type.application";
		};
/* End PBXNativeTarget section */

/* Begin PBXProject section */
		63DF40AE294C09BF00DC037E /* Project object */ = {
			isa = PBXProject;
			attributes = {
				BuildIndependentTargetsInParallel = 1;
				LastSwiftUpdateCheck = 1410;
				LastUpgradeCheck = 1410;
				TargetAttributes = {
					63DF40B5294C09BF00DC037E = {
						CreatedOnToolsVersion = 14.1;
					};
				};
			};
			buildConfigurationList = 63DF40B1294C09BF00DC037E /* Build configuration list for PBXProject "everyearthquake" */;
			compatibilityVersion = "Xcode 14.0";
			developmentRegion = en;
			hasScannedForEncodings = 0;
			knownRegions = (
				en,
				Base,
			);
			mainGroup = 63DF40AD294C09BF00DC037E;
			packageReferences = (
				63DF40E9294F758E00DC037E /* XCRemoteSwiftPackageReference "mixpanel-swift" */,
			);
			productRefGroup = 63DF40B7294C09BF00DC037E /* Products */;
			projectDirPath = "";
			projectRoot = "";
			targets = (
				63DF40B5294C09BF00DC037E /* everyearthquake */,
			);
		};
/* End PBXProject section */

/* Begin PBXResourcesBuildPhase section */
		63DF40B4294C09BF00DC037E /* Resources */ = {
			isa = PBXResourcesBuildPhase;
			buildActionMask = 2147483647;
			files = (
				63DF40CF294C2ED500DC037E /* apiInfo.plist in Resources */,
				6379786E295DE44F0026E240 /* LaunchScreen.storyboard in Resources */,
				63DF40C1294C09C000DC037E /* Preview Assets.xcassets in Resources */,
				63DF40BE294C09C000DC037E /* Assets.xcassets in Resources */,
			);
			runOnlyForDeploymentPostprocessing = 0;
		};
/* End PBXResourcesBuildPhase section */

/* Begin PBXSourcesBuildPhase section */
		63DF40B2294C09BF00DC037E /* Sources */ = {
			isa = PBXSourcesBuildPhase;
			buildActionMask = 2147483647;
			files = (
				63DF40ED294F75AC00DC037E /* FeedbackModal.swift in Sources */,
				63DF40D3294C318A00DC037E /* APISettings.swift in Sources */,
				63DF40CC294C2DD100DC037E /* AsyncAPI.swift in Sources */,
				63DF40F7295021D900DC037E /* LocationViewModel.swift in Sources */,
				6379788E295FCCB40026E240 /* QuakeListRow.swift in Sources */,
				6379788C295FC8C70026E240 /* CardQuakeListViewModel.swift in Sources */,
				63DF40DC294D810A00DC037E /* DateTime.swift in Sources */,
				631C8C79295C8848005AEED0 /* Review.swift in Sources */,
				63DF40E8294F644F00DC037E /* Formatters.swift in Sources */,
				63DF40C8294C24C100DC037E /* QuakeListViewModel.swift in Sources */,
				63DF40E2294E2A7D00DC037E /* MapView.swift in Sources */,
				63DF40F92950221300DC037E /* Messaging.swift in Sources */,
				63DF40DE294D8E7D00DC037E /* Day.swift in Sources */,
				63DF40D1294C2FE500DC037E /* APIInfo.swift in Sources */,
				6379788A295FC8580026E240 /* CardQuakeList.swift in Sources */,
				63DF40E4294E342E00DC037E /* PointOfInterest.swift in Sources */,
				63DF40FD29502EEC00DC037E /* Location.swift in Sources */,
				63DF40D5294C33F600DC037E /* Errors.swift in Sources */,
				63DF40D7294C371400DC037E /* EarthquakesResponse.swift in Sources */,
				63DF40CA294C279700DC037E /* Quake.swift in Sources */,
				63DF40EF294F760A00DC037E /* GlobalViewModel.swift in Sources */,
				63DF414B295261FC00DC037E /* NotificationSettingsModal.swift in Sources */,
				63DF40BC294C09BF00DC037E /* QuakeList.swift in Sources */,
				63DF40F5294FBF4100DC037E /* QuakeListFiltersModal.swift in Sources */,
				63DF40E0294E1B0400DC037E /* QuakeDetail.swift in Sources */,
				63DF40BA294C09BF00DC037E /* everyearthquakeApp.swift in Sources */,
				63DF414E2952708D00DC037E /* AppDelegate.swift in Sources */,
			);
			runOnlyForDeploymentPostprocessing = 0;
		};
/* End PBXSourcesBuildPhase section */

/* Begin XCBuildConfiguration section */
		63DF40C2294C09C000DC037E /* Debug */ = {
			isa = XCBuildConfiguration;
			buildSettings = {
				ALWAYS_SEARCH_USER_PATHS = NO;
				CLANG_ANALYZER_NONNULL = YES;
				CLANG_ANALYZER_NUMBER_OBJECT_CONVERSION = YES_AGGRESSIVE;
				CLANG_CXX_LANGUAGE_STANDARD = "gnu++20";
				CLANG_ENABLE_MODULES = YES;
				CLANG_ENABLE_OBJC_ARC = YES;
				CLANG_ENABLE_OBJC_WEAK = YES;
				CLANG_WARN_BLOCK_CAPTURE_AUTORELEASING = YES;
				CLANG_WARN_BOOL_CONVERSION = YES;
				CLANG_WARN_COMMA = YES;
				CLANG_WARN_CONSTANT_CONVERSION = YES;
				CLANG_WARN_DEPRECATED_OBJC_IMPLEMENTATIONS = YES;
				CLANG_WARN_DIRECT_OBJC_ISA_USAGE = YES_ERROR;
				CLANG_WARN_DOCUMENTATION_COMMENTS = YES;
				CLANG_WARN_EMPTY_BODY = YES;
				CLANG_WARN_ENUM_CONVERSION = YES;
				CLANG_WARN_INFINITE_RECURSION = YES;
				CLANG_WARN_INT_CONVERSION = YES;
				CLANG_WARN_NON_LITERAL_NULL_CONVERSION = YES;
				CLANG_WARN_OBJC_IMPLICIT_RETAIN_SELF = YES;
				CLANG_WARN_OBJC_LITERAL_CONVERSION = YES;
				CLANG_WARN_OBJC_ROOT_CLASS = YES_ERROR;
				CLANG_WARN_QUOTED_INCLUDE_IN_FRAMEWORK_HEADER = YES;
				CLANG_WARN_RANGE_LOOP_ANALYSIS = YES;
				CLANG_WARN_STRICT_PROTOTYPES = YES;
				CLANG_WARN_SUSPICIOUS_MOVE = YES;
				CLANG_WARN_UNGUARDED_AVAILABILITY = YES_AGGRESSIVE;
				CLANG_WARN_UNREACHABLE_CODE = YES;
				CLANG_WARN__DUPLICATE_METHOD_MATCH = YES;
				COPY_PHASE_STRIP = NO;
				DEBUG_INFORMATION_FORMAT = dwarf;
				ENABLE_STRICT_OBJC_MSGSEND = YES;
				ENABLE_TESTABILITY = YES;
				GCC_C_LANGUAGE_STANDARD = gnu11;
				GCC_DYNAMIC_NO_PIC = NO;
				GCC_NO_COMMON_BLOCKS = YES;
				GCC_OPTIMIZATION_LEVEL = 0;
				GCC_PREPROCESSOR_DEFINITIONS = (
					"DEBUG=1",
					"$(inherited)",
				);
				GCC_WARN_64_TO_32_BIT_CONVERSION = YES;
				GCC_WARN_ABOUT_RETURN_TYPE = YES_ERROR;
				GCC_WARN_UNDECLARED_SELECTOR = YES;
				GCC_WARN_UNINITIALIZED_AUTOS = YES_AGGRESSIVE;
				GCC_WARN_UNUSED_FUNCTION = YES;
				GCC_WARN_UNUSED_VARIABLE = YES;
				IPHONEOS_DEPLOYMENT_TARGET = 16.0;
				MTL_ENABLE_DEBUG_INFO = INCLUDE_SOURCE;
				MTL_FAST_MATH = YES;
				ONLY_ACTIVE_ARCH = YES;
				SDKROOT = iphoneos;
				SWIFT_ACTIVE_COMPILATION_CONDITIONS = DEBUG;
				SWIFT_OPTIMIZATION_LEVEL = "-Onone";
			};
			name = Debug;
		};
		63DF40C3294C09C000DC037E /* Release */ = {
			isa = XCBuildConfiguration;
			buildSettings = {
				ALWAYS_SEARCH_USER_PATHS = NO;
				CLANG_ANALYZER_NONNULL = YES;
				CLANG_ANALYZER_NUMBER_OBJECT_CONVERSION = YES_AGGRESSIVE;
				CLANG_CXX_LANGUAGE_STANDARD = "gnu++20";
				CLANG_ENABLE_MODULES = YES;
				CLANG_ENABLE_OBJC_ARC = YES;
				CLANG_ENABLE_OBJC_WEAK = YES;
				CLANG_WARN_BLOCK_CAPTURE_AUTORELEASING = YES;
				CLANG_WARN_BOOL_CONVERSION = YES;
				CLANG_WARN_COMMA = YES;
				CLANG_WARN_CONSTANT_CONVERSION = YES;
				CLANG_WARN_DEPRECATED_OBJC_IMPLEMENTATIONS = YES;
				CLANG_WARN_DIRECT_OBJC_ISA_USAGE = YES_ERROR;
				CLANG_WARN_DOCUMENTATION_COMMENTS = YES;
				CLANG_WARN_EMPTY_BODY = YES;
				CLANG_WARN_ENUM_CONVERSION = YES;
				CLANG_WARN_INFINITE_RECURSION = YES;
				CLANG_WARN_INT_CONVERSION = YES;
				CLANG_WARN_NON_LITERAL_NULL_CONVERSION = YES;
				CLANG_WARN_OBJC_IMPLICIT_RETAIN_SELF = YES;
				CLANG_WARN_OBJC_LITERAL_CONVERSION = YES;
				CLANG_WARN_OBJC_ROOT_CLASS = YES_ERROR;
				CLANG_WARN_QUOTED_INCLUDE_IN_FRAMEWORK_HEADER = YES;
				CLANG_WARN_RANGE_LOOP_ANALYSIS = YES;
				CLANG_WARN_STRICT_PROTOTYPES = YES;
				CLANG_WARN_SUSPICIOUS_MOVE = YES;
				CLANG_WARN_UNGUARDED_AVAILABILITY = YES_AGGRESSIVE;
				CLANG_WARN_UNREACHABLE_CODE = YES;
				CLANG_WARN__DUPLICATE_METHOD_MATCH = YES;
				COPY_PHASE_STRIP = NO;
				DEBUG_INFORMATION_FORMAT = "dwarf-with-dsym";
				ENABLE_NS_ASSERTIONS = NO;
				ENABLE_STRICT_OBJC_MSGSEND = YES;
				GCC_C_LANGUAGE_STANDARD = gnu11;
				GCC_NO_COMMON_BLOCKS = YES;
				GCC_WARN_64_TO_32_BIT_CONVERSION = YES;
				GCC_WARN_ABOUT_RETURN_TYPE = YES_ERROR;
				GCC_WARN_UNDECLARED_SELECTOR = YES;
				GCC_WARN_UNINITIALIZED_AUTOS = YES_AGGRESSIVE;
				GCC_WARN_UNUSED_FUNCTION = YES;
				GCC_WARN_UNUSED_VARIABLE = YES;
				IPHONEOS_DEPLOYMENT_TARGET = 16.0;
				MTL_ENABLE_DEBUG_INFO = NO;
				MTL_FAST_MATH = YES;
				SDKROOT = iphoneos;
				SWIFT_COMPILATION_MODE = wholemodule;
				SWIFT_OPTIMIZATION_LEVEL = "-O";
				VALIDATE_PRODUCT = YES;
			};
			name = Release;
		};
		63DF40C5294C09C000DC037E /* Debug */ = {
			isa = XCBuildConfiguration;
			buildSettings = {
				ASSETCATALOG_COMPILER_APPICON_NAME = AppIcon;
				ASSETCATALOG_COMPILER_GLOBAL_ACCENT_COLOR_NAME = AccentColor;
				ASSETCATALOG_COMPILER_INCLUDE_ALL_APPICON_ASSETS = NO;
				CODE_SIGN_ENTITLEMENTS = everyearthquake/everyearthquake.entitlements;
				CODE_SIGN_STYLE = Automatic;
				CURRENT_PROJECT_VERSION = 2022122901;
				DEVELOPMENT_ASSET_PATHS = "\"everyearthquake/Preview Content\"";
				DEVELOPMENT_TEAM = V66UJ72Z63;
				ENABLE_PREVIEWS = YES;
				GENERATE_INFOPLIST_FILE = YES;
				INFOPLIST_FILE = everyearthquake/Info.plist;
				INFOPLIST_KEY_CFBundleDisplayName = Earthquakes;
				INFOPLIST_KEY_LSApplicationCategoryType = "public.app-category.news";
				INFOPLIST_KEY_NSLocationAlwaysAndWhenInUseUsageDescription = "Location needed in order to search for or notify you about earthquakes near your lcoation.";
				INFOPLIST_KEY_NSLocationWhenInUseUsageDescription = "Location needed in order to search for or notify you about earthquakes near your lcoation.";
				INFOPLIST_KEY_UIApplicationSupportsIndirectInputEvents = YES;
				INFOPLIST_KEY_UILaunchStoryboardName = LaunchScreen.storyboard;
				INFOPLIST_KEY_UISupportedInterfaceOrientations = "UIInterfaceOrientationLandscapeLeft UIInterfaceOrientationLandscapeRight UIInterfaceOrientationPortrait";
				INFOPLIST_KEY_UISupportedInterfaceOrientations_iPad = "UIInterfaceOrientationLandscapeLeft UIInterfaceOrientationLandscapeRight UIInterfaceOrientationPortrait UIInterfaceOrientationPortraitUpsideDown";
				IPHONEOS_DEPLOYMENT_TARGET = 16.0;
				LD_RUNPATH_SEARCH_PATHS = (
					"$(inherited)",
					"@executable_path/Frameworks",
				);
				MARKETING_VERSION = 1.0.1;
				PRODUCT_BUNDLE_IDENTIFIER = com.dbarkman.everyearthquake;
				PRODUCT_NAME = "$(TARGET_NAME)";
				SUPPORTED_PLATFORMS = "iphoneos iphonesimulator";
				SUPPORTS_MACCATALYST = NO;
				SUPPORTS_MAC_DESIGNED_FOR_IPHONE_IPAD = NO;
				SWIFT_EMIT_LOC_STRINGS = YES;
				SWIFT_VERSION = 5.0;
				TARGETED_DEVICE_FAMILY = "1,2";
			};
			name = Debug;
		};
		63DF40C6294C09C000DC037E /* Release */ = {
			isa = XCBuildConfiguration;
			buildSettings = {
				ASSETCATALOG_COMPILER_APPICON_NAME = AppIcon;
				ASSETCATALOG_COMPILER_GLOBAL_ACCENT_COLOR_NAME = AccentColor;
				ASSETCATALOG_COMPILER_INCLUDE_ALL_APPICON_ASSETS = NO;
				CODE_SIGN_ENTITLEMENTS = everyearthquake/everyearthquake.entitlements;
				CODE_SIGN_STYLE = Automatic;
				CURRENT_PROJECT_VERSION = 2022122901;
				DEVELOPMENT_ASSET_PATHS = "\"everyearthquake/Preview Content\"";
				DEVELOPMENT_TEAM = V66UJ72Z63;
				ENABLE_PREVIEWS = YES;
				GENERATE_INFOPLIST_FILE = YES;
				INFOPLIST_FILE = everyearthquake/Info.plist;
				INFOPLIST_KEY_CFBundleDisplayName = Earthquakes;
				INFOPLIST_KEY_LSApplicationCategoryType = "public.app-category.news";
				INFOPLIST_KEY_NSLocationAlwaysAndWhenInUseUsageDescription = "Location needed in order to search for or notify you about earthquakes near your lcoation.";
				INFOPLIST_KEY_NSLocationWhenInUseUsageDescription = "Location needed in order to search for or notify you about earthquakes near your lcoation.";
				INFOPLIST_KEY_UIApplicationSupportsIndirectInputEvents = YES;
				INFOPLIST_KEY_UILaunchStoryboardName = LaunchScreen.storyboard;
				INFOPLIST_KEY_UISupportedInterfaceOrientations = "UIInterfaceOrientationLandscapeLeft UIInterfaceOrientationLandscapeRight UIInterfaceOrientationPortrait";
				INFOPLIST_KEY_UISupportedInterfaceOrientations_iPad = "UIInterfaceOrientationLandscapeLeft UIInterfaceOrientationLandscapeRight UIInterfaceOrientationPortrait UIInterfaceOrientationPortraitUpsideDown";
				IPHONEOS_DEPLOYMENT_TARGET = 16.0;
				LD_RUNPATH_SEARCH_PATHS = (
					"$(inherited)",
					"@executable_path/Frameworks",
				);
				MARKETING_VERSION = 1.0.1;
				PRODUCT_BUNDLE_IDENTIFIER = com.dbarkman.everyearthquake;
				PRODUCT_NAME = "$(TARGET_NAME)";
				SUPPORTED_PLATFORMS = "iphoneos iphonesimulator";
				SUPPORTS_MACCATALYST = NO;
				SUPPORTS_MAC_DESIGNED_FOR_IPHONE_IPAD = NO;
				SWIFT_EMIT_LOC_STRINGS = YES;
				SWIFT_VERSION = 5.0;
				TARGETED_DEVICE_FAMILY = "1,2";
			};
			name = Release;
		};
/* End XCBuildConfiguration section */

/* Begin XCConfigurationList section */
		63DF40B1294C09BF00DC037E /* Build configuration list for PBXProject "everyearthquake" */ = {
			isa = XCConfigurationList;
			buildConfigurations = (
				63DF40C2294C09C000DC037E /* Debug */,
				63DF40C3294C09C000DC037E /* Release */,
			);
			defaultConfigurationIsVisible = 0;
			defaultConfigurationName = Release;
		};
		63DF40C4294C09C000DC037E /* Build configuration list for PBXNativeTarget "everyearthquake" */ = {
			isa = XCConfigurationList;
			buildConfigurations = (
				63DF40C5294C09C000DC037E /* Debug */,
				63DF40C6294C09C000DC037E /* Release */,
			);
			defaultConfigurationIsVisible = 0;
			defaultConfigurationName = Release;
		};
/* End XCConfigurationList section */

/* Begin XCRemoteSwiftPackageReference section */
		63DF40E9294F758E00DC037E /* XCRemoteSwiftPackageReference "mixpanel-swift" */ = {
			isa = XCRemoteSwiftPackageReference;
			repositoryURL = "https://github.com/mixpanel/mixpanel-swift";
			requirement = {
				branch = master;
				kind = branch;
			};
		};
/* End XCRemoteSwiftPackageReference section */

/* Begin XCSwiftPackageProductDependency section */
		63DF40EA294F758E00DC037E /* Mixpanel */ = {
			isa = XCSwiftPackageProductDependency;
			package = 63DF40E9294F758E00DC037E /* XCRemoteSwiftPackageReference "mixpanel-swift" */;
			productName = Mixpanel;
		};
/* End XCSwiftPackageProductDependency section */
	};
	rootObject = 63DF40AE294C09BF00DC037E /* Project object */;
}
