{
  "pins" : [
    {
      "identity" : "mixpanel-swift",
      "kind" : "remoteSourceControl",
      "location" : "https://github.com/mixpanel/mixpanel-swift",
      "state" : {
        "branch" : "master",
        "revision" : "ee02333080f5956cfa23a1b56ae25142b56f35e9"
      }
    }
  ],
  "version" : 2
}
